{
  "requires": true,
  "lockfileVersion": 1,
  "dependencies": {
    "vue-cli-plugin-vuetify": {
      "version": "0.6.3",
      "resolved": "https://registry.npm.taobao.org/vue-cli-plugin-vuetify/download/vue-cli-plugin-vuetify-0.6.3.tgz",
      "integrity": "sha1-cdlWzexBn1Yo0rRMQ73B5uwzVr8=",
      "dev": true
    }
  }
}
